{
  "name": "pro2",
  "lockfileVersion": 2,
  "requires": true,
  "packages": {
    "": {
      "dependencies": {
        "random-string": "^0.2.0",
        "string-reverse": "^2.0.0"
      }
    },
    "node_modules/random-string": {
      "version": "0.2.0",
      "resolved": "https://registry.npmjs.org/random-string/-/random-string-0.2.0.tgz",
      "integrity": "sha512-isA91IquV3ZrFbvwkAtExP8aGL+csx3KGEsEJrvCidzOHioPl5B5g7WyJlk0lMkEz5/i1PqrWTvcdtJHPtrp1g==",
      "engines": {
        "node": ">= 0.10.0"
      }
    },
    "node_modules/string-reverse": {
      "version": "2.0.0",
      "resolved": "https://registry.npmjs.org/string-reverse/-/string-reverse-2.0.0.tgz",
      "integrity": "sha512-Ib18U6alLfxx3p01Q4jjC64GP4UkirI9Ws4Eiw9qDqrY71VkyJHvEPSdYlm4hyEZ0EciCgNHZnLt37ir84zBgg=="
    }
  },
  "dependencies": {
    "random-string": {
      "version": "0.2.0",
      "resolved": "https://registry.npmjs.org/random-string/-/random-string-0.2.0.tgz",
      "integrity": "sha512-isA91IquV3ZrFbvwkAtExP8aGL+csx3KGEsEJrvCidzOHioPl5B5g7WyJlk0lMkEz5/i1PqrWTvcdtJHPtrp1g=="
    },
    "string-reverse": {
      "version": "2.0.0",
      "resolved": "https://registry.npmjs.org/string-reverse/-/string-reverse-2.0.0.tgz",
      "integrity": "sha512-Ib18U6alLfxx3p01Q4jjC64GP4UkirI9Ws4Eiw9qDqrY71VkyJHvEPSdYlm4hyEZ0EciCgNHZnLt37ir84zBgg=="
    }
  }
}
